// !$*UTF8*$!
{
	archiveVersion = 1;
	classes = {
	};
	objectVersion = 52;
	objects = {

/* Begin PBXBuildFile section */
		5D22B0B726DD9CC500FC1A8C /* HTTPStatusCode.swift in Sources */ = {isa = PBXBuildFile; fileRef = 5D22B0B626DD9CC500FC1A8C /* HTTPStatusCode.swift */; };
		5D22B0BB26DDAA8E00FC1A8C /* News.swift in Sources */ = {isa = PBXBuildFile; fileRef = 5D22B0BA26DDAA8E00FC1A8C /* News.swift */; };
		5D22B0BD26DDAB4400FC1A8C /* Articles.swift in Sources */ = {isa = PBXBuildFile; fileRef = 5D22B0BC26DDAB4400FC1A8C /* Articles.swift */; };
		5D22B0C026DDB03300FC1A8C /* NewsFeedService.swift in Sources */ = {isa = PBXBuildFile; fileRef = 5D22B0BF26DDB03300FC1A8C /* NewsFeedService.swift */; };
		5D22B0C226DDB18100FC1A8C /* ArticleViewModel.swift in Sources */ = {isa = PBXBuildFile; fileRef = 5D22B0C126DDB18000FC1A8C /* ArticleViewModel.swift */; };
		5D22B0C426DDE19200FC1A8C /* DisplayErrorAlertViewModel.swift in Sources */ = {isa = PBXBuildFile; fileRef = 5D22B0C326DDE19200FC1A8C /* DisplayErrorAlertViewModel.swift */; };
		5D22B0C826DDE7FC00FC1A8C /* LoadMoreViewCell.swift in Sources */ = {isa = PBXBuildFile; fileRef = 5D22B0C726DDE7FC00FC1A8C /* LoadMoreViewCell.swift */; };
		5D22B0CA26DE00FF00FC1A8C /* UIImageView+Extension.swift in Sources */ = {isa = PBXBuildFile; fileRef = 5D22B0C926DE00FF00FC1A8C /* UIImageView+Extension.swift */; };
		5D22B0CD26DE01BB00FC1A8C /* ImageCacher.swift in Sources */ = {isa = PBXBuildFile; fileRef = 5D22B0CC26DE01BB00FC1A8C /* ImageCacher.swift */; };
		5D22B0D326DE1C0400FC1A8C /* Nimble in Frameworks */ = {isa = PBXBuildFile; productRef = 5D22B0D226DE1C0400FC1A8C /* Nimble */; };
		5D22B0D626DE1C7E00FC1A8C /* NewsFeedServiceTests.swift in Sources */ = {isa = PBXBuildFile; fileRef = 5D22B0D526DE1C7E00FC1A8C /* NewsFeedServiceTests.swift */; };
		5D22B0DB26DE300D00FC1A8C /* JBNetworkServiceTests.swift in Sources */ = {isa = PBXBuildFile; fileRef = 5D22B0DA26DE300D00FC1A8C /* JBNetworkServiceTests.swift */; };
		5D22B0DD26DE319200FC1A8C /* JBNetworkErrorTests.swift in Sources */ = {isa = PBXBuildFile; fileRef = 5D22B0DC26DE319200FC1A8C /* JBNetworkErrorTests.swift */; };
		5D22B0E126DE340500FC1A8C /* NewsListViewModelTests.swift in Sources */ = {isa = PBXBuildFile; fileRef = 5D22B0E026DE340500FC1A8C /* NewsListViewModelTests.swift */; };
		5D22B0E426DE41D800FC1A8C /* Debug.xcconfig in Resources */ = {isa = PBXBuildFile; fileRef = 5D22B0E326DE41D800FC1A8C /* Debug.xcconfig */; };
		5D22B0E626DE41E900FC1A8C /* Release.xcconfig in Resources */ = {isa = PBXBuildFile; fileRef = 5D22B0E526DE41E900FC1A8C /* Release.xcconfig */; };
		5D7B8C2826DCE9B600FF879A /* UITableView+Extension.swift in Sources */ = {isa = PBXBuildFile; fileRef = 5D7B8C2726DCE9B600FF879A /* UITableView+Extension.swift */; };
		5D7B8C2C26DCEAA000FF879A /* NewsListViewCell.swift in Sources */ = {isa = PBXBuildFile; fileRef = 5D7B8C2B26DCEAA000FF879A /* NewsListViewCell.swift */; };
		5D7B8C3326DD149C00FF879A /* NewsListViewModel.swift in Sources */ = {isa = PBXBuildFile; fileRef = 5D7B8C3226DD149C00FF879A /* NewsListViewModel.swift */; };
		5D7B8C3726DD159800FF879A /* JBNetworkService.swift in Sources */ = {isa = PBXBuildFile; fileRef = 5D7B8C3626DD159800FF879A /* JBNetworkService.swift */; };
		5D7B8C3926DD190C00FF879A /* JBNetworkHelper.swift in Sources */ = {isa = PBXBuildFile; fileRef = 5D7B8C3826DD190C00FF879A /* JBNetworkHelper.swift */; };
		5D7B8C3B26DD1A3200FF879A /* JBNetworkError.swift in Sources */ = {isa = PBXBuildFile; fileRef = 5D7B8C3A26DD1A3200FF879A /* JBNetworkError.swift */; };
		5D99591626DCD94300BB6961 /* AppDelegate.swift in Sources */ = {isa = PBXBuildFile; fileRef = 5D99591526DCD94300BB6961 /* AppDelegate.swift */; };
		5D99591F26DCD94500BB6961 /* Assets.xcassets in Resources */ = {isa = PBXBuildFile; fileRef = 5D99591E26DCD94500BB6961 /* Assets.xcassets */; };
		5D99592226DCD94500BB6961 /* LaunchScreen.storyboard in Resources */ = {isa = PBXBuildFile; fileRef = 5D99592026DCD94500BB6961 /* LaunchScreen.storyboard */; };
		5D99594E26DCE07D00BB6961 /* Color.xcassets in Resources */ = {isa = PBXBuildFile; fileRef = 5D99594D26DCE07D00BB6961 /* Color.xcassets */; };
		5D99595026DCE0E600BB6961 /* NewsListViewController.swift in Sources */ = {isa = PBXBuildFile; fileRef = 5D99594F26DCE0E600BB6961 /* NewsListViewController.swift */; };
		EDC6AD462B4CB2D600C0A484 /* NewsFeedEndPoints.swift in Sources */ = {isa = PBXBuildFile; fileRef = EDC6AD452B4CB2D600C0A484 /* NewsFeedEndPoints.swift */; };
/* End PBXBuildFile section */

/* Begin PBXContainerItemProxy section */
		5D99592926DCD94500BB6961 /* PBXContainerItemProxy */ = {
			isa = PBXContainerItemProxy;
			containerPortal = 5D99590A26DCD94300BB6961 /* Project object */;
			proxyType = 1;
			remoteGlobalIDString = 5D99591126DCD94300BB6961;
			remoteInfo = JBNewsFeed;
		};
/* End PBXContainerItemProxy section */

/* Begin PBXFileReference section */
		5D22B0B626DD9CC500FC1A8C /* HTTPStatusCode.swift */ = {isa = PBXFileReference; lastKnownFileType = sourcecode.swift; path = HTTPStatusCode.swift; sourceTree = "<group>"; };
		5D22B0BA26DDAA8E00FC1A8C /* News.swift */ = {isa = PBXFileReference; lastKnownFileType = sourcecode.swift; path = News.swift; sourceTree = "<group>"; };
		5D22B0BC26DDAB4400FC1A8C /* Articles.swift */ = {isa = PBXFileReference; lastKnownFileType = sourcecode.swift; path = Articles.swift; sourceTree = "<group>"; };
		5D22B0BF26DDB03300FC1A8C /* NewsFeedService.swift */ = {isa = PBXFileReference; lastKnownFileType = sourcecode.swift; path = NewsFeedService.swift; sourceTree = "<group>"; };
		5D22B0C126DDB18000FC1A8C /* ArticleViewModel.swift */ = {isa = PBXFileReference; lastKnownFileType = sourcecode.swift; path = ArticleViewModel.swift; sourceTree = "<group>"; };
		5D22B0C326DDE19200FC1A8C /* DisplayErrorAlertViewModel.swift */ = {isa = PBXFileReference; lastKnownFileType = sourcecode.swift; path = DisplayErrorAlertViewModel.swift; sourceTree = "<group>"; };
		5D22B0C726DDE7FC00FC1A8C /* LoadMoreViewCell.swift */ = {isa = PBXFileReference; lastKnownFileType = sourcecode.swift; path = LoadMoreViewCell.swift; sourceTree = "<group>"; };
		5D22B0C926DE00FF00FC1A8C /* UIImageView+Extension.swift */ = {isa = PBXFileReference; lastKnownFileType = sourcecode.swift; path = "UIImageView+Extension.swift"; sourceTree = "<group>"; };
		5D22B0CC26DE01BB00FC1A8C /* ImageCacher.swift */ = {isa = PBXFileReference; lastKnownFileType = sourcecode.swift; path = ImageCacher.swift; sourceTree = "<group>"; };
		5D22B0D526DE1C7E00FC1A8C /* NewsFeedServiceTests.swift */ = {isa = PBXFileReference; lastKnownFileType = sourcecode.swift; path = NewsFeedServiceTests.swift; sourceTree = "<group>"; };
		5D22B0DA26DE300D00FC1A8C /* JBNetworkServiceTests.swift */ = {isa = PBXFileReference; lastKnownFileType = sourcecode.swift; path = JBNetworkServiceTests.swift; sourceTree = "<group>"; };
		5D22B0DC26DE319200FC1A8C /* JBNetworkErrorTests.swift */ = {isa = PBXFileReference; lastKnownFileType = sourcecode.swift; path = JBNetworkErrorTests.swift; sourceTree = "<group>"; };
		5D22B0E026DE340500FC1A8C /* NewsListViewModelTests.swift */ = {isa = PBXFileReference; lastKnownFileType = sourcecode.swift; path = NewsListViewModelTests.swift; sourceTree = "<group>"; };
		5D22B0E326DE41D800FC1A8C /* Debug.xcconfig */ = {isa = PBXFileReference; lastKnownFileType = text.xcconfig; path = Debug.xcconfig; sourceTree = "<group>"; };
		5D22B0E526DE41E900FC1A8C /* Release.xcconfig */ = {isa = PBXFileReference; lastKnownFileType = text.xcconfig; path = Release.xcconfig; sourceTree = "<group>"; };
		5D7B8C2726DCE9B600FF879A /* UITableView+Extension.swift */ = {isa = PBXFileReference; lastKnownFileType = sourcecode.swift; path = "UITableView+Extension.swift"; sourceTree = "<group>"; };
		5D7B8C2B26DCEAA000FF879A /* NewsListViewCell.swift */ = {isa = PBXFileReference; lastKnownFileType = sourcecode.swift; path = NewsListViewCell.swift; sourceTree = "<group>"; };
		5D7B8C3226DD149C00FF879A /* NewsListViewModel.swift */ = {isa = PBXFileReference; lastKnownFileType = sourcecode.swift; path = NewsListViewModel.swift; sourceTree = "<group>"; };
		5D7B8C3626DD159800FF879A /* JBNetworkService.swift */ = {isa = PBXFileReference; lastKnownFileType = sourcecode.swift; path = JBNetworkService.swift; sourceTree = "<group>"; };
		5D7B8C3826DD190C00FF879A /* JBNetworkHelper.swift */ = {isa = PBXFileReference; lastKnownFileType = sourcecode.swift; path = JBNetworkHelper.swift; sourceTree = "<group>"; };
		5D7B8C3A26DD1A3200FF879A /* JBNetworkError.swift */ = {isa = PBXFileReference; lastKnownFileType = sourcecode.swift; path = JBNetworkError.swift; sourceTree = "<group>"; };
		5D99591226DCD94300BB6961 /* JBNewsFeed.app */ = {isa = PBXFileReference; explicitFileType = wrapper.application; includeInIndex = 0; path = JBNewsFeed.app; sourceTree = BUILT_PRODUCTS_DIR; };
		5D99591526DCD94300BB6961 /* AppDelegate.swift */ = {isa = PBXFileReference; lastKnownFileType = sourcecode.swift; path = AppDelegate.swift; sourceTree = "<group>"; };
		5D99591E26DCD94500BB6961 /* Assets.xcassets */ = {isa = PBXFileReference; lastKnownFileType = folder.assetcatalog; path = Assets.xcassets; sourceTree = "<group>"; };
		5D99592126DCD94500BB6961 /* Base */ = {isa = PBXFileReference; lastKnownFileType = file.storyboard; name = Base; path = Base.lproj/LaunchScreen.storyboard; sourceTree = "<group>"; };
		5D99592326DCD94500BB6961 /* Info.plist */ = {isa = PBXFileReference; lastKnownFileType = text.plist.xml; path = Info.plist; sourceTree = "<group>"; };
		5D99592826DCD94500BB6961 /* JBNewsFeedTests.xctest */ = {isa = PBXFileReference; explicitFileType = wrapper.cfbundle; includeInIndex = 0; path = JBNewsFeedTests.xctest; sourceTree = BUILT_PRODUCTS_DIR; };
		5D99592E26DCD94500BB6961 /* Info.plist */ = {isa = PBXFileReference; lastKnownFileType = text.plist.xml; path = Info.plist; sourceTree = "<group>"; };
		5D99594D26DCE07D00BB6961 /* Color.xcassets */ = {isa = PBXFileReference; lastKnownFileType = folder.assetcatalog; path = Color.xcassets; sourceTree = "<group>"; };
		5D99594F26DCE0E600BB6961 /* NewsListViewController.swift */ = {isa = PBXFileReference; lastKnownFileType = sourcecode.swift; path = NewsListViewController.swift; sourceTree = "<group>"; };
		EDC6AD452B4CB2D600C0A484 /* NewsFeedEndPoints.swift */ = {isa = PBXFileReference; lastKnownFileType = sourcecode.swift; path = NewsFeedEndPoints.swift; sourceTree = "<group>"; };
/* End PBXFileReference section */

/* Begin PBXFrameworksBuildPhase section */
		5D99590F26DCD94300BB6961 /* Frameworks */ = {
			isa = PBXFrameworksBuildPhase;
			buildActionMask = 2147483647;
			files = (
			);
			runOnlyForDeploymentPostprocessing = 0;
		};
		5D99592526DCD94500BB6961 /* Frameworks */ = {
			isa = PBXFrameworksBuildPhase;
			buildActionMask = 2147483647;
			files = (
				5D22B0D326DE1C0400FC1A8C /* Nimble in Frameworks */,
			);
			runOnlyForDeploymentPostprocessing = 0;
		};
/* End PBXFrameworksBuildPhase section */

/* Begin PBXGroup section */
		5D22B0B926DDAA2000FC1A8C /* Models */ = {
			isa = PBXGroup;
			children = (
				5D22B0BA26DDAA8E00FC1A8C /* News.swift */,
				5D22B0BC26DDAB4400FC1A8C /* Articles.swift */,
			);
			path = Models;
			sourceTree = "<group>";
		};
		5D22B0BE26DDB01800FC1A8C /* Services */ = {
			isa = PBXGroup;
			children = (
				5D22B0B926DDAA2000FC1A8C /* Models */,
				5D22B0BF26DDB03300FC1A8C /* NewsFeedService.swift */,
				EDC6AD452B4CB2D600C0A484 /* NewsFeedEndPoints.swift */,
			);
			path = Services;
			sourceTree = "<group>";
		};
		5D22B0CB26DE01A200FC1A8C /* Common */ = {
			isa = PBXGroup;
			children = (
				5D22B0CC26DE01BB00FC1A8C /* ImageCacher.swift */,
			);
			path = Common;
			sourceTree = "<group>";
		};
		5D22B0D426DE1C4A00FC1A8C /* Services */ = {
			isa = PBXGroup;
			children = (
				5D22B0D526DE1C7E00FC1A8C /* NewsFeedServiceTests.swift */,
			);
			path = Services;
			sourceTree = "<group>";
		};
		5D22B0D726DE1CE600FC1A8C /* SupportingFiles */ = {
			isa = PBXGroup;
			children = (
				5D99592E26DCD94500BB6961 /* Info.plist */,
			);
			path = SupportingFiles;
			sourceTree = "<group>";
		};
		5D22B0D826DE2FE600FC1A8C /* Network */ = {
			isa = PBXGroup;
			children = (
				5D22B0D926DE2FED00FC1A8C /* HTTPRequest */,
			);
			path = Network;
			sourceTree = "<group>";
		};
		5D22B0D926DE2FED00FC1A8C /* HTTPRequest */ = {
			isa = PBXGroup;
			children = (
				5D22B0DA26DE300D00FC1A8C /* JBNetworkServiceTests.swift */,
				5D22B0DC26DE319200FC1A8C /* JBNetworkErrorTests.swift */,
			);
			path = HTTPRequest;
			sourceTree = "<group>";
		};
		5D22B0DE26DE339300FC1A8C /* Feature */ = {
			isa = PBXGroup;
			children = (
				5D22B0DF26DE339B00FC1A8C /* News */,
			);
			path = Feature;
			sourceTree = "<group>";
		};
		5D22B0DF26DE339B00FC1A8C /* News */ = {
			isa = PBXGroup;
			children = (
				5D22B0E026DE340500FC1A8C /* NewsListViewModelTests.swift */,
			);
			path = News;
			sourceTree = "<group>";
		};
		5D22B0E226DE41A500FC1A8C /* Configurations */ = {
			isa = PBXGroup;
			children = (
				5D22B0E326DE41D800FC1A8C /* Debug.xcconfig */,
				5D22B0E526DE41E900FC1A8C /* Release.xcconfig */,
			);
			path = Configurations;
			sourceTree = "<group>";
		};
		5D7B8C2626DCE97200FF879A /* Extensions */ = {
			isa = PBXGroup;
			children = (
				5D7B8C2726DCE9B600FF879A /* UITableView+Extension.swift */,
				5D22B0C926DE00FF00FC1A8C /* UIImageView+Extension.swift */,
			);
			path = Extensions;
			sourceTree = "<group>";
		};
		5D7B8C2926DCEA6D00FF879A /* Views */ = {
			isa = PBXGroup;
			children = (
				5D7B8C2B26DCEAA000FF879A /* NewsListViewCell.swift */,
				5D22B0C726DDE7FC00FC1A8C /* LoadMoreViewCell.swift */,
			);
			path = Views;
			sourceTree = "<group>";
		};
		5D7B8C2A26DCEA7500FF879A /* ViewController */ = {
			isa = PBXGroup;
			children = (
				5D99594F26DCE0E600BB6961 /* NewsListViewController.swift */,
			);
			path = ViewController;
			sourceTree = "<group>";
		};
		5D7B8C3126DD147C00FF879A /* ViewModel */ = {
			isa = PBXGroup;
			children = (
				5D7B8C3226DD149C00FF879A /* NewsListViewModel.swift */,
				5D22B0C126DDB18000FC1A8C /* ArticleViewModel.swift */,
				5D22B0C326DDE19200FC1A8C /* DisplayErrorAlertViewModel.swift */,
			);
			path = ViewModel;
			sourceTree = "<group>";
		};
		5D7B8C3426DD152D00FF879A /* Network */ = {
			isa = PBXGroup;
			children = (
				5D7B8C3526DD158500FF879A /* HTTPRequest */,
			);
			path = Network;
			sourceTree = "<group>";
		};
		5D7B8C3526DD158500FF879A /* HTTPRequest */ = {
			isa = PBXGroup;
			children = (
				5D7B8C3626DD159800FF879A /* JBNetworkService.swift */,
				5D7B8C3826DD190C00FF879A /* JBNetworkHelper.swift */,
				5D7B8C3A26DD1A3200FF879A /* JBNetworkError.swift */,
				5D22B0B626DD9CC500FC1A8C /* HTTPStatusCode.swift */,
			);
			path = HTTPRequest;
			sourceTree = "<group>";
		};
		5D99590926DCD94300BB6961 = {
			isa = PBXGroup;
			children = (
				5D99594526DCDA9500BB6961 /* Source */,
				5D99592B26DCD94500BB6961 /* Tests */,
				5D99591326DCD94300BB6961 /* Products */,
			);
			sourceTree = "<group>";
		};
		5D99591326DCD94300BB6961 /* Products */ = {
			isa = PBXGroup;
			children = (
				5D99591226DCD94300BB6961 /* JBNewsFeed.app */,
				5D99592826DCD94500BB6961 /* JBNewsFeedTests.xctest */,
			);
			name = Products;
			sourceTree = "<group>";
		};
		5D99592B26DCD94500BB6961 /* Tests */ = {
			isa = PBXGroup;
			children = (
				5D22B0DE26DE339300FC1A8C /* Feature */,
				5D22B0D826DE2FE600FC1A8C /* Network */,
				5D22B0D726DE1CE600FC1A8C /* SupportingFiles */,
				5D22B0D426DE1C4A00FC1A8C /* Services */,
			);
			path = Tests;
			sourceTree = "<group>";
		};
		5D99594526DCDA9500BB6961 /* Source */ = {
			isa = PBXGroup;
			children = (
				5D22B0CB26DE01A200FC1A8C /* Common */,
				5D7B8C3426DD152D00FF879A /* Network */,
				5D7B8C2626DCE97200FF879A /* Extensions */,
				5D99594826DCDAEB00BB6961 /* AppLevel */,
				5D99594926DCDC0600BB6961 /* Features */,
				5D99594726DCDAD400BB6961 /* Resources */,
				5D99594626DCDAC400BB6961 /* SupportingFiles */,
			);
			path = Source;
			sourceTree = "<group>";
		};
		5D99594626DCDAC400BB6961 /* SupportingFiles */ = {
			isa = PBXGroup;
			children = (
				5D22B0E226DE41A500FC1A8C /* Configurations */,
				5D99592026DCD94500BB6961 /* LaunchScreen.storyboard */,
				5D99592326DCD94500BB6961 /* Info.plist */,
			);
			path = SupportingFiles;
			sourceTree = "<group>";
		};
		5D99594726DCDAD400BB6961 /* Resources */ = {
			isa = PBXGroup;
			children = (
				5D99591E26DCD94500BB6961 /* Assets.xcassets */,
				5D99594D26DCE07D00BB6961 /* Color.xcassets */,
			);
			path = Resources;
			sourceTree = "<group>";
		};
		5D99594826DCDAEB00BB6961 /* AppLevel */ = {
			isa = PBXGroup;
			children = (
				5D99591526DCD94300BB6961 /* AppDelegate.swift */,
			);
			path = AppLevel;
			sourceTree = "<group>";
		};
		5D99594926DCDC0600BB6961 /* Features */ = {
			isa = PBXGroup;
			children = (
				5D99594A26DCDC1A00BB6961 /* News */,
			);
			path = Features;
			sourceTree = "<group>";
		};
		5D99594A26DCDC1A00BB6961 /* News */ = {
			isa = PBXGroup;
			children = (
				5D22B0BE26DDB01800FC1A8C /* Services */,
				5D7B8C3126DD147C00FF879A /* ViewModel */,
				5D7B8C2A26DCEA7500FF879A /* ViewController */,
				5D7B8C2926DCEA6D00FF879A /* Views */,
			);
			path = News;
			sourceTree = "<group>";
		};
/* End PBXGroup section */

/* Begin PBXNativeTarget section */
		5D99591126DCD94300BB6961 /* JBNewsFeed */ = {
			isa = PBXNativeTarget;
			buildConfigurationList = 5D99593C26DCD94500BB6961 /* Build configuration list for PBXNativeTarget "JBNewsFeed" */;
			buildPhases = (
				5D99590E26DCD94300BB6961 /* Sources */,
				5D99590F26DCD94300BB6961 /* Frameworks */,
				5D99591026DCD94300BB6961 /* Resources */,
			);
			buildRules = (
			);
			dependencies = (
			);
			name = JBNewsFeed;
			productName = JBNewsFeed;
			productReference = 5D99591226DCD94300BB6961 /* JBNewsFeed.app */;
			productType = "com.apple.product-type.application";
		};
		5D99592726DCD94500BB6961 /* JBNewsFeedTests */ = {
			isa = PBXNativeTarget;
			buildConfigurationList = 5D99593F26DCD94500BB6961 /* Build configuration list for PBXNativeTarget "JBNewsFeedTests" */;
			buildPhases = (
				5D99592426DCD94500BB6961 /* Sources */,
				5D99592526DCD94500BB6961 /* Frameworks */,
				5D99592626DCD94500BB6961 /* Resources */,
			);
			buildRules = (
			);
			dependencies = (
				5D99592A26DCD94500BB6961 /* PBXTargetDependency */,
			);
			name = JBNewsFeedTests;
			packageProductDependencies = (
				5D22B0D226DE1C0400FC1A8C /* Nimble */,
			);
			productName = JBNewsFeedTests;
			productReference = 5D99592826DCD94500BB6961 /* JBNewsFeedTests.xctest */;
			productType = "com.apple.product-type.bundle.unit-test";
		};
/* End PBXNativeTarget section */

/* Begin PBXProject section */
		5D99590A26DCD94300BB6961 /* Project object */ = {
			isa = PBXProject;
			attributes = {
				LastSwiftUpdateCheck = 1250;
				LastUpgradeCheck = 1250;
				TargetAttributes = {
					5D99591126DCD94300BB6961 = {
						CreatedOnToolsVersion = 12.5;
					};
					5D99592726DCD94500BB6961 = {
						CreatedOnToolsVersion = 12.5;
						TestTargetID = 5D99591126DCD94300BB6961;
					};
				};
			};
			buildConfigurationList = 5D99590D26DCD94300BB6961 /* Build configuration list for PBXProject "JBNewsFeed" */;
			compatibilityVersion = "Xcode 9.3";
			developmentRegion = en;
			hasScannedForEncodings = 0;
			knownRegions = (
				en,
				Base,
			);
			mainGroup = 5D99590926DCD94300BB6961;
			packageReferences = (
				5D22B0D126DE1C0400FC1A8C /* XCRemoteSwiftPackageReference "Nimble" */,
			);
			productRefGroup = 5D99591326DCD94300BB6961 /* Products */;
			projectDirPath = "";
			projectRoot = "";
			targets = (
				5D99591126DCD94300BB6961 /* JBNewsFeed */,
				5D99592726DCD94500BB6961 /* JBNewsFeedTests */,
			);
		};
/* End PBXProject section */

/* Begin PBXResourcesBuildPhase section */
		5D99591026DCD94300BB6961 /* Resources */ = {
			isa = PBXResourcesBuildPhase;
			buildActionMask = 2147483647;
			files = (
				5D22B0E426DE41D800FC1A8C /* Debug.xcconfig in Resources */,
				5D99592226DCD94500BB6961 /* LaunchScreen.storyboard in Resources */,
				5D99591F26DCD94500BB6961 /* Assets.xcassets in Resources */,
				5D99594E26DCE07D00BB6961 /* Color.xcassets in Resources */,
				5D22B0E626DE41E900FC1A8C /* Release.xcconfig in Resources */,
			);
			runOnlyForDeploymentPostprocessing = 0;
		};
		5D99592626DCD94500BB6961 /* Resources */ = {
			isa = PBXResourcesBuildPhase;
			buildActionMask = 2147483647;
			files = (
			);
			runOnlyForDeploymentPostprocessing = 0;
		};
/* End PBXResourcesBuildPhase section */

/* Begin PBXSourcesBuildPhase section */
		5D99590E26DCD94300BB6961 /* Sources */ = {
			isa = PBXSourcesBuildPhase;
			buildActionMask = 2147483647;
			files = (
				5D7B8C3926DD190C00FF879A /* JBNetworkHelper.swift in Sources */,
				5D22B0CD26DE01BB00FC1A8C /* ImageCacher.swift in Sources */,
				5D99591626DCD94300BB6961 /* AppDelegate.swift in Sources */,
				5D22B0C226DDB18100FC1A8C /* ArticleViewModel.swift in Sources */,
				5D22B0C026DDB03300FC1A8C /* NewsFeedService.swift in Sources */,
				5D22B0C426DDE19200FC1A8C /* DisplayErrorAlertViewModel.swift in Sources */,
				5D7B8C2C26DCEAA000FF879A /* NewsListViewCell.swift in Sources */,
				5D7B8C3326DD149C00FF879A /* NewsListViewModel.swift in Sources */,
				5D22B0C826DDE7FC00FC1A8C /* LoadMoreViewCell.swift in Sources */,
				5D99595026DCE0E600BB6961 /* NewsListViewController.swift in Sources */,
				5D7B8C3726DD159800FF879A /* JBNetworkService.swift in Sources */,
				5D22B0CA26DE00FF00FC1A8C /* UIImageView+Extension.swift in Sources */,
				5D22B0B726DD9CC500FC1A8C /* HTTPStatusCode.swift in Sources */,
				EDC6AD462B4CB2D600C0A484 /* NewsFeedEndPoints.swift in Sources */,
				5D7B8C2826DCE9B600FF879A /* UITableView+Extension.swift in Sources */,
				5D22B0BB26DDAA8E00FC1A8C /* News.swift in Sources */,
				5D22B0BD26DDAB4400FC1A8C /* Articles.swift in Sources */,
				5D7B8C3B26DD1A3200FF879A /* JBNetworkError.swift in Sources */,
			);
			runOnlyForDeploymentPostprocessing = 0;
		};
		5D99592426DCD94500BB6961 /* Sources */ = {
			isa = PBXSourcesBuildPhase;
			buildActionMask = 2147483647;
			files = (
				5D22B0DD26DE319200FC1A8C /* JBNetworkErrorTests.swift in Sources */,
				5D22B0DB26DE300D00FC1A8C /* JBNetworkServiceTests.swift in Sources */,
				5D22B0D626DE1C7E00FC1A8C /* NewsFeedServiceTests.swift in Sources */,
				5D22B0E126DE340500FC1A8C /* NewsListViewModelTests.swift in Sources */,
			);
			runOnlyForDeploymentPostprocessing = 0;
		};
/* End PBXSourcesBuildPhase section */

/* Begin PBXTargetDependency section */
		5D99592A26DCD94500BB6961 /* PBXTargetDependency */ = {
			isa = PBXTargetDependency;
			target = 5D99591126DCD94300BB6961 /* JBNewsFeed */;
			targetProxy = 5D99592926DCD94500BB6961 /* PBXContainerItemProxy */;
		};
/* End PBXTargetDependency section */

/* Begin PBXVariantGroup section */
		5D99592026DCD94500BB6961 /* LaunchScreen.storyboard */ = {
			isa = PBXVariantGroup;
			children = (
				5D99592126DCD94500BB6961 /* Base */,
			);
			name = LaunchScreen.storyboard;
			sourceTree = "<group>";
		};
/* End PBXVariantGroup section */

/* Begin XCBuildConfiguration section */
		5D99593A26DCD94500BB6961 /* Debug */ = {
			isa = XCBuildConfiguration;
			baseConfigurationReference = 5D22B0E326DE41D800FC1A8C /* Debug.xcconfig */;
			buildSettings = {
				ALWAYS_SEARCH_USER_PATHS = NO;
				CLANG_ANALYZER_NONNULL = YES;
				CLANG_ANALYZER_NUMBER_OBJECT_CONVERSION = YES_AGGRESSIVE;
				CLANG_CXX_LANGUAGE_STANDARD = "gnu++14";
				CLANG_CXX_LIBRARY = "libc++";
				CLANG_ENABLE_MODULES = YES;
				CLANG_ENABLE_OBJC_ARC = YES;
				CLANG_ENABLE_OBJC_WEAK = YES;
				CLANG_WARN_BLOCK_CAPTURE_AUTORELEASING = YES;
				CLANG_WARN_BOOL_CONVERSION = YES;
				CLANG_WARN_COMMA = YES;
				CLANG_WARN_CONSTANT_CONVERSION = YES;
				CLANG_WARN_DEPRECATED_OBJC_IMPLEMENTATIONS = YES;
				CLANG_WARN_DIRECT_OBJC_ISA_USAGE = YES_ERROR;
				CLANG_WARN_DOCUMENTATION_COMMENTS = YES;
				CLANG_WARN_EMPTY_BODY = YES;
				CLANG_WARN_ENUM_CONVERSION = YES;
				CLANG_WARN_INFINITE_RECURSION = YES;
				CLANG_WARN_INT_CONVERSION = YES;
				CLANG_WARN_NON_LITERAL_NULL_CONVERSION = YES;
				CLANG_WARN_OBJC_IMPLICIT_RETAIN_SELF = YES;
				CLANG_WARN_OBJC_LITERAL_CONVERSION = YES;
				CLANG_WARN_OBJC_ROOT_CLASS = YES_ERROR;
				CLANG_WARN_QUOTED_INCLUDE_IN_FRAMEWORK_HEADER = YES;
				CLANG_WARN_RANGE_LOOP_ANALYSIS = YES;
				CLANG_WARN_STRICT_PROTOTYPES = YES;
				CLANG_WARN_SUSPICIOUS_MOVE = YES;
				CLANG_WARN_UNGUARDED_AVAILABILITY = YES_AGGRESSIVE;
				CLANG_WARN_UNREACHABLE_CODE = YES;
				CLANG_WARN__DUPLICATE_METHOD_MATCH = YES;
				COPY_PHASE_STRIP = NO;
				DEBUG_INFORMATION_FORMAT = dwarf;
				ENABLE_STRICT_OBJC_MSGSEND = YES;
				ENABLE_TESTABILITY = YES;
				GCC_C_LANGUAGE_STANDARD = gnu11;
				GCC_DYNAMIC_NO_PIC = NO;
				GCC_NO_COMMON_BLOCKS = YES;
				GCC_OPTIMIZATION_LEVEL = 0;
				GCC_PREPROCESSOR_DEFINITIONS = (
					"DEBUG=1",
					"$(inherited)",
				);
				GCC_WARN_64_TO_32_BIT_CONVERSION = YES;
				GCC_WARN_ABOUT_RETURN_TYPE = YES_ERROR;
				GCC_WARN_UNDECLARED_SELECTOR = YES;
				GCC_WARN_UNINITIALIZED_AUTOS = YES_AGGRESSIVE;
				GCC_WARN_UNUSED_FUNCTION = YES;
				GCC_WARN_UNUSED_VARIABLE = YES;
				IPHONEOS_DEPLOYMENT_TARGET = 13.0;
				MTL_ENABLE_DEBUG_INFO = INCLUDE_SOURCE;
				MTL_FAST_MATH = YES;
				ONLY_ACTIVE_ARCH = YES;
				SDKROOT = iphoneos;
				SWIFT_ACTIVE_COMPILATION_CONDITIONS = DEBUG;
				SWIFT_OPTIMIZATION_LEVEL = "-Onone";
			};
			name = Debug;
		};
		5D99593B26DCD94500BB6961 /* Release */ = {
			isa = XCBuildConfiguration;
			baseConfigurationReference = 5D22B0E526DE41E900FC1A8C /* Release.xcconfig */;
			buildSettings = {
				ALWAYS_SEARCH_USER_PATHS = NO;
				CLANG_ANALYZER_NONNULL = YES;
				CLANG_ANALYZER_NUMBER_OBJECT_CONVERSION = YES_AGGRESSIVE;
				CLANG_CXX_LANGUAGE_STANDARD = "gnu++14";
				CLANG_CXX_LIBRARY = "libc++";
				CLANG_ENABLE_MODULES = YES;
				CLANG_ENABLE_OBJC_ARC = YES;
				CLANG_ENABLE_OBJC_WEAK = YES;
				CLANG_WARN_BLOCK_CAPTURE_AUTORELEASING = YES;
				CLANG_WARN_BOOL_CONVERSION = YES;
				CLANG_WARN_COMMA = YES;
				CLANG_WARN_CONSTANT_CONVERSION = YES;
				CLANG_WARN_DEPRECATED_OBJC_IMPLEMENTATIONS = YES;
				CLANG_WARN_DIRECT_OBJC_ISA_USAGE = YES_ERROR;
				CLANG_WARN_DOCUMENTATION_COMMENTS = YES;
				CLANG_WARN_EMPTY_BODY = YES;
				CLANG_WARN_ENUM_CONVERSION = YES;
				CLANG_WARN_INFINITE_RECURSION = YES;
				CLANG_WARN_INT_CONVERSION = YES;
				CLANG_WARN_NON_LITERAL_NULL_CONVERSION = YES;
				CLANG_WARN_OBJC_IMPLICIT_RETAIN_SELF = YES;
				CLANG_WARN_OBJC_LITERAL_CONVERSION = YES;
				CLANG_WARN_OBJC_ROOT_CLASS = YES_ERROR;
				CLANG_WARN_QUOTED_INCLUDE_IN_FRAMEWORK_HEADER = YES;
				CLANG_WARN_RANGE_LOOP_ANALYSIS = YES;
				CLANG_WARN_STRICT_PROTOTYPES = YES;
				CLANG_WARN_SUSPICIOUS_MOVE = YES;
				CLANG_WARN_UNGUARDED_AVAILABILITY = YES_AGGRESSIVE;
				CLANG_WARN_UNREACHABLE_CODE = YES;
				CLANG_WARN__DUPLICATE_METHOD_MATCH = YES;
				COPY_PHASE_STRIP = NO;
				DEBUG_INFORMATION_FORMAT = "dwarf-with-dsym";
				ENABLE_NS_ASSERTIONS = NO;
				ENABLE_STRICT_OBJC_MSGSEND = YES;
				GCC_C_LANGUAGE_STANDARD = gnu11;
				GCC_NO_COMMON_BLOCKS = YES;
				GCC_WARN_64_TO_32_BIT_CONVERSION = YES;
				GCC_WARN_ABOUT_RETURN_TYPE = YES_ERROR;
				GCC_WARN_UNDECLARED_SELECTOR = YES;
				GCC_WARN_UNINITIALIZED_AUTOS = YES_AGGRESSIVE;
				GCC_WARN_UNUSED_FUNCTION = YES;
				GCC_WARN_UNUSED_VARIABLE = YES;
				IPHONEOS_DEPLOYMENT_TARGET = 13.0;
				MTL_ENABLE_DEBUG_INFO = NO;
				MTL_FAST_MATH = YES;
				SDKROOT = iphoneos;
				SWIFT_COMPILATION_MODE = wholemodule;
				SWIFT_OPTIMIZATION_LEVEL = "-O";
				VALIDATE_PRODUCT = YES;
			};
			name = Release;
		};
		5D99593D26DCD94500BB6961 /* Debug */ = {
			isa = XCBuildConfiguration;
			buildSettings = {
				ASSETCATALOG_COMPILER_APPICON_NAME = AppIcon;
				ASSETCATALOG_COMPILER_GLOBAL_ACCENT_COLOR_NAME = AccentColor;
				CODE_SIGN_STYLE = Automatic;
				INFOPLIST_FILE = Source/SupportingFiles/Info.plist;
				IPHONEOS_DEPLOYMENT_TARGET = 13.0;
				LD_RUNPATH_SEARCH_PATHS = (
					"$(inherited)",
					"@executable_path/Frameworks",
				);
				PRODUCT_BUNDLE_IDENTIFIER = com.jithinpala.au.JBNewsFeed;
				PRODUCT_NAME = "$(TARGET_NAME)";
				SWIFT_VERSION = 5.0;
				TARGETED_DEVICE_FAMILY = "1,2";
			};
			name = Debug;
		};
		5D99593E26DCD94500BB6961 /* Release */ = {
			isa = XCBuildConfiguration;
			buildSettings = {
				ASSETCATALOG_COMPILER_APPICON_NAME = AppIcon;
				ASSETCATALOG_COMPILER_GLOBAL_ACCENT_COLOR_NAME = AccentColor;
				CODE_SIGN_STYLE = Automatic;
				INFOPLIST_FILE = Source/SupportingFiles/Info.plist;
				IPHONEOS_DEPLOYMENT_TARGET = 13.0;
				LD_RUNPATH_SEARCH_PATHS = (
					"$(inherited)",
					"@executable_path/Frameworks",
				);
				PRODUCT_BUNDLE_IDENTIFIER = com.jithinpala.au.JBNewsFeed;
				PRODUCT_NAME = "$(TARGET_NAME)";
				SWIFT_VERSION = 5.0;
				TARGETED_DEVICE_FAMILY = "1,2";
			};
			name = Release;
		};
		5D99594026DCD94500BB6961 /* Debug */ = {
			isa = XCBuildConfiguration;
			buildSettings = {
				ALWAYS_EMBED_SWIFT_STANDARD_LIBRARIES = YES;
				BUNDLE_LOADER = "$(TEST_HOST)";
				CODE_SIGN_STYLE = Automatic;
				INFOPLIST_FILE = Tests/SupportingFiles/Info.plist;
				IPHONEOS_DEPLOYMENT_TARGET = 13.0;
				LD_RUNPATH_SEARCH_PATHS = (
					"$(inherited)",
					"@executable_path/Frameworks",
					"@loader_path/Frameworks",
				);
				PRODUCT_BUNDLE_IDENTIFIER = com.jithinpala.au.JBNewsFeedTests;
				PRODUCT_NAME = "$(TARGET_NAME)";
				SWIFT_VERSION = 5.0;
				TARGETED_DEVICE_FAMILY = "1,2";
				TEST_HOST = "$(BUILT_PRODUCTS_DIR)/JBNewsFeed.app/JBNewsFeed";
			};
			name = Debug;
		};
		5D99594126DCD94500BB6961 /* Release */ = {
			isa = XCBuildConfiguration;
			buildSettings = {
				ALWAYS_EMBED_SWIFT_STANDARD_LIBRARIES = YES;
				BUNDLE_LOADER = "$(TEST_HOST)";
				CODE_SIGN_STYLE = Automatic;
				INFOPLIST_FILE = Tests/SupportingFiles/Info.plist;
				IPHONEOS_DEPLOYMENT_TARGET = 13.0;
				LD_RUNPATH_SEARCH_PATHS = (
					"$(inherited)",
					"@executable_path/Frameworks",
					"@loader_path/Frameworks",
				);
				PRODUCT_BUNDLE_IDENTIFIER = com.jithinpala.au.JBNewsFeedTests;
				PRODUCT_NAME = "$(TARGET_NAME)";
				SWIFT_VERSION = 5.0;
				TARGETED_DEVICE_FAMILY = "1,2";
				TEST_HOST = "$(BUILT_PRODUCTS_DIR)/JBNewsFeed.app/JBNewsFeed";
			};
			name = Release;
		};
/* End XCBuildConfiguration section */

/* Begin XCConfigurationList section */
		5D99590D26DCD94300BB6961 /* Build configuration list for PBXProject "JBNewsFeed" */ = {
			isa = XCConfigurationList;
			buildConfigurations = (
				5D99593A26DCD94500BB6961 /* Debug */,
				5D99593B26DCD94500BB6961 /* Release */,
			);
			defaultConfigurationIsVisible = 0;
			defaultConfigurationName = Release;
		};
		5D99593C26DCD94500BB6961 /* Build configuration list for PBXNativeTarget "JBNewsFeed" */ = {
			isa = XCConfigurationList;
			buildConfigurations = (
				5D99593D26DCD94500BB6961 /* Debug */,
				5D99593E26DCD94500BB6961 /* Release */,
			);
			defaultConfigurationIsVisible = 0;
			defaultConfigurationName = Release;
		};
		5D99593F26DCD94500BB6961 /* Build configuration list for PBXNativeTarget "JBNewsFeedTests" */ = {
			isa = XCConfigurationList;
			buildConfigurations = (
				5D99594026DCD94500BB6961 /* Debug */,
				5D99594126DCD94500BB6961 /* Release */,
			);
			defaultConfigurationIsVisible = 0;
			defaultConfigurationName = Release;
		};
/* End XCConfigurationList section */

/* Begin XCRemoteSwiftPackageReference section */
		5D22B0D126DE1C0400FC1A8C /* XCRemoteSwiftPackageReference "Nimble" */ = {
			isa = XCRemoteSwiftPackageReference;
			repositoryURL = "https://github.com/Quick/Nimble.git";
			requirement = {
				kind = upToNextMajorVersion;
				minimumVersion = 9.2.1;
			};
		};
/* End XCRemoteSwiftPackageReference section */

/* Begin XCSwiftPackageProductDependency section */
		5D22B0D226DE1C0400FC1A8C /* Nimble */ = {
			isa = XCSwiftPackageProductDependency;
			package = 5D22B0D126DE1C0400FC1A8C /* XCRemoteSwiftPackageReference "Nimble" */;
			productName = Nimble;
		};
/* End XCSwiftPackageProductDependency section */
	};
	rootObject = 5D99590A26DCD94300BB6961 /* Project object */;
}
